
Microsoft Visual Studio Solution File, Format Version 12.00
# Visual Studio Version 17
VisualStudioVersion = 17.10.35004.147
MinimumVisualStudioVersion = 10.0.40219.1
Project("{9A19103F-16F7-4668-BE54-9A1E7A4F7556}") = "02UnderstandingTypes", "02UnderstandingTypes\02UnderstandingTypes.csproj", "{1576C0F0-8BDF-4F27-B289-1BD1BE205BC6}"
EndProject
Global
	GlobalSection(SolutionConfigurationPlatforms) = preSolution
		Debug|Any CPU = Debug|Any CPU
		Release|Any CPU = Release|Any CPU
	EndGlobalSection
	GlobalSection(ProjectConfigurationPlatforms) = postSolution
		{1576C0F0-8BDF-4F27-B289-1BD1BE205BC6}.Debug|Any CPU.ActiveCfg = Debug|Any CPU
		{1576C0F0-8BDF-4F27-B289-1BD1BE205BC6}.Debug|Any CPU.Build.0 = Debug|Any CPU
		{1576C0F0-8BDF-4F27-B289-1BD1BE205BC6}.Release|Any CPU.ActiveCfg = Release|Any CPU
		{1576C0F0-8BDF-4F27-B289-1BD1BE205BC6}.Release|Any CPU.Build.0 = Release|Any CPU
	EndGlobalSection
	GlobalSection(SolutionProperties) = preSolution
		HideSolutionNode = FALSE
	EndGlobalSection
	GlobalSection(ExtensibilityGlobals) = postSolution
		SolutionGuid = {8E765665-1259-4CD4-B726-BC469292F093}
	EndGlobalSection
EndGlobal
